
Microsoft Visual Studio Solution File, Format Version 12.00
# Visual Studio 2012
Project("{8BC9CEB8-8B4A-11D0-8D11-00A0C91BC942}") = "ElfLoader", "ElfLoader\ElfLoader.vcxproj", "{6D51ED92-86D1-482A-BC2A-62706F150BBC}"
EndProject
Project("{8BC9CEB8-8B4A-11D0-8D11-00A0C91BC942}") = "Common", "Common\Common.vcxproj", "{2E3AAA95-315B-4E91-A2EF-8DDA77D68EB4}"
EndProject
Project("{8BC9CEB8-8B4A-11D0-8D11-00A0C91BC942}") = "lnexec", "lnexec\lnexec.vcxproj", "{A287FC19-B4DA-44CE-BAAA-BA86D16B21DA}"
EndProject
Project("{8BC9CEB8-8B4A-11D0-8D11-00A0C91BC942}") = "elf2pe", "elf2pe\elf2pe.vcxproj", "{24084D43-597E-454A-A663-9DE9F67DAB9B}"
EndProject
Global
	GlobalSection(SolutionConfigurationPlatforms) = preSolution
		Debug|Win32 = Debug|Win32
		Release|Win32 = Release|Win32
	EndGlobalSection
	GlobalSection(ProjectConfigurationPlatforms) = postSolution
		{6D51ED92-86D1-482A-BC2A-62706F150BBC}.Debug|Win32.ActiveCfg = Debug|Win32
		{6D51ED92-86D1-482A-BC2A-62706F150BBC}.Debug|Win32.Build.0 = Debug|Win32
		{6D51ED92-86D1-482A-BC2A-62706F150BBC}.Debug|Win32.Deploy.0 = Debug|Win32
		{6D51ED92-86D1-482A-BC2A-62706F150BBC}.Release|Win32.ActiveCfg = Release|Win32
		{6D51ED92-86D1-482A-BC2A-62706F150BBC}.Release|Win32.Build.0 = Release|Win32
		{6D51ED92-86D1-482A-BC2A-62706F150BBC}.Release|Win32.Deploy.0 = Release|Win32
		{2E3AAA95-315B-4E91-A2EF-8DDA77D68EB4}.Debug|Win32.ActiveCfg = Debug|Win32
		{2E3AAA95-315B-4E91-A2EF-8DDA77D68EB4}.Debug|Win32.Build.0 = Debug|Win32
		{2E3AAA95-315B-4E91-A2EF-8DDA77D68EB4}.Debug|Win32.Deploy.0 = Debug|Win32
		{2E3AAA95-315B-4E91-A2EF-8DDA77D68EB4}.Release|Win32.ActiveCfg = Release|Win32
		{2E3AAA95-315B-4E91-A2EF-8DDA77D68EB4}.Release|Win32.Build.0 = Release|Win32
		{2E3AAA95-315B-4E91-A2EF-8DDA77D68EB4}.Release|Win32.Deploy.0 = Release|Win32
		{A287FC19-B4DA-44CE-BAAA-BA86D16B21DA}.Debug|Win32.ActiveCfg = Debug|Win32
		{A287FC19-B4DA-44CE-BAAA-BA86D16B21DA}.Debug|Win32.Build.0 = Debug|Win32
		{A287FC19-B4DA-44CE-BAAA-BA86D16B21DA}.Debug|Win32.Deploy.0 = Debug|Win32
		{A287FC19-B4DA-44CE-BAAA-BA86D16B21DA}.Release|Win32.ActiveCfg = Release|Win32
		{A287FC19-B4DA-44CE-BAAA-BA86D16B21DA}.Release|Win32.Build.0 = Release|Win32
		{A287FC19-B4DA-44CE-BAAA-BA86D16B21DA}.Release|Win32.Deploy.0 = Release|Win32
		{24084D43-597E-454A-A663-9DE9F67DAB9B}.Debug|Win32.ActiveCfg = Debug|Win32
		{24084D43-597E-454A-A663-9DE9F67DAB9B}.Debug|Win32.Build.0 = Debug|Win32
		{24084D43-597E-454A-A663-9DE9F67DAB9B}.Debug|Win32.Deploy.0 = Debug|Win32
		{24084D43-597E-454A-A663-9DE9F67DAB9B}.Release|Win32.ActiveCfg = Release|Win32
		{24084D43-597E-454A-A663-9DE9F67DAB9B}.Release|Win32.Build.0 = Release|Win32
		{24084D43-597E-454A-A663-9DE9F67DAB9B}.Release|Win32.Deploy.0 = Release|Win32
	EndGlobalSection
	GlobalSection(SolutionProperties) = preSolution
		HideSolutionNode = FALSE
	EndGlobalSection
EndGlobal
